<?xml version="1.0" encoding="utf-8"?>
<Project ToolsVersion="4.0" xmlns="http://schemas.microsoft.com/developer/msbuild/2003">
  <ItemGroup>
    <Filter Include="소스 파일">
      <UniqueIdentifier>{4FC737F1-C7A5-4376-A066-2A32D752A2FF}</UniqueIdentifier>
      <Extensions>cpp;c;cc;cxx;def;odl;idl;hpj;bat;asm;asmx</Extensions>
    </Filter>
    <Filter Include="비트맵">
      <UniqueIdentifier>{81ab3b60-bfe4-4d53-8a40-2be081423b33}</UniqueIdentifier>
    </Filter>
    <Filter Include="이미지 처리">
      <UniqueIdentifier>{c3576b81-f597-495b-a742-a50827ed00c4}</UniqueIdentifier>
    </Filter>
    <Filter Include="헤더">
      <UniqueIdentifier>{646e6d0e-c8ee-4ff8-8b13-349b3157da16}</UniqueIdentifier>
    </Filter>
  </ItemGroup>
  <ItemGroup>
    <ClCompile Include="main.c">
      <Filter>소스 파일</Filter>
    </ClCompile>
    <ClCompile Include="FRABitmap.c">
      <Filter>비트맵</Filter>
    </ClCompile>
    <ClCompile Include="FRAImageProcedure.c">
      <Filter>이미지 처리</Filter>
    </ClCompile>
  </ItemGroup>
  <ItemGroup>
    <ClInclude Include="FRAImageProcedure.h">
      <Filter>이미지 처리</Filter>
    </ClInclude>
    <ClInclude Include="FRABitmap.h">
      <Filter>비트맵</Filter>
    </ClInclude>
    <ClInclude Include="Franfurt.h">
      <Filter>헤더</Filter>
    </ClInclude>
    <ClInclude Include="FRAEnum.h">
      <Filter>헤더</Filter>
    </ClInclude>
  </ItemGroup>
</Project>